
Microsoft Visual Studio Solution File, Format Version 12.00
# Visual Studio Version 16
VisualStudioVersion = 16.0.30517.126
MinimumVisualStudioVersion = 10.0.40219.1
Project("{FAE04EC0-301F-11D3-BF4B-00C04F79EFBC}") = "Discord", "Discord.csproj", "{D9152DDD-CAEA-4772-8ED9-62EF47D4D5CB}"
EndProject
Global
	GlobalSection(SolutionConfigurationPlatforms) = preSolution
		Debug|Any CPU = Debug|Any CPU
		Release|Any CPU = Release|Any CPU
	EndGlobalSection
	GlobalSection(ProjectConfigurationPlatforms) = postSolution
		{D9152DDD-CAEA-4772-8ED9-62EF47D4D5CB}.Debug|Any CPU.ActiveCfg = Debug|Any CPU
		{D9152DDD-CAEA-4772-8ED9-62EF47D4D5CB}.Debug|Any CPU.Build.0 = Debug|Any CPU
		{D9152DDD-CAEA-4772-8ED9-62EF47D4D5CB}.Release|Any CPU.ActiveCfg = Release|Any CPU
		{D9152DDD-CAEA-4772-8ED9-62EF47D4D5CB}.Release|Any CPU.Build.0 = Release|Any CPU
	EndGlobalSection
	GlobalSection(SolutionProperties) = preSolution
		HideSolutionNode = FALSE
	EndGlobalSection
	GlobalSection(ExtensibilityGlobals) = postSolution
		SolutionGuid = {943E611F-8EF5-4A7D-848D-B25CCADD3F1A}
	EndGlobalSection
EndGlobal
